{
	"name": "tf2-item-parser",
	"version": "1.2.0",
	"lockfileVersion": 2,
	"requires": true,
	"packages": {
		"": {
			"name": "tf2-item-parser",
			"version": "1.2.0",
			"license": "MIT",
			"dependencies": {
				"@peleicht/tf2-schema": "^2.0.11",
				"tf2-backpack": "^1.2.0",
				"tf2-item-format": "^5.9.12"
			},
			"devDependencies": {
				"dotenv": "^16.4.5",
				"typescript": "^5.4.5"
			}
		},
		"node_modules/@peleicht/tf2-schema": {
			"version": "2.0.11",
			"resolved": "https://registry.npmjs.org/@peleicht/tf2-schema/-/tf2-schema-2.0.11.tgz",
			"integrity": "sha512-OLQkEBzAtNArEutkEZfWHJ93GYEllw9h9LgJISWGd68ljAWtkjiGP/yfDhIKXX1U7XhjsibfIH72Tx+zYyH2KQ==",
			"dependencies": {
				"node-fetch": "^3.3.2",
				"vdf": "0.0.2"
			}
		},
		"node_modules/@protobufjs/aspromise": {
			"version": "1.1.2",
			"resolved": "https://registry.npmjs.org/@protobufjs/aspromise/-/aspromise-1.1.2.tgz",
			"integrity": "sha512-j+gKExEuLmKwvz3OgROXtrJ2UG2x8Ch2YZUxahh+s1F2HZ+wAceUNLkvy6zKCPVRkU++ZWQrdxsUeQXmcg4uoQ=="
		},
		"node_modules/@protobufjs/base64": {
			"version": "1.1.2",
			"resolved": "https://registry.npmjs.org/@protobufjs/base64/-/base64-1.1.2.tgz",
			"integrity": "sha512-AZkcAA5vnN/v4PDqKyMR5lx7hZttPDgClv83E//FMNhR2TMcLUhfRUBHCmSl0oi9zMgDDqRUJkSxO3wm85+XLg=="
		},
		"node_modules/@protobufjs/codegen": {
			"version": "2.0.4",
			"resolved": "https://registry.npmjs.org/@protobufjs/codegen/-/codegen-2.0.4.tgz",
			"integrity": "sha512-YyFaikqM5sH0ziFZCN3xDC7zeGaB/d0IUb9CATugHWbd1FRFwWwt4ld4OYMPWu5a3Xe01mGAULCdqhMlPl29Jg=="
		},
		"node_modules/@protobufjs/eventemitter": {
			"version": "1.1.0",
			"resolved": "https://registry.npmjs.org/@protobufjs/eventemitter/-/eventemitter-1.1.0.tgz",
			"integrity": "sha512-j9ednRT81vYJ9OfVuXG6ERSTdEL1xVsNgqpkxMsbIabzSo3goCjDIveeGv5d03om39ML71RdmrGNjG5SReBP/Q=="
		},
		"node_modules/@protobufjs/fetch": {
			"version": "1.1.0",
			"resolved": "https://registry.npmjs.org/@protobufjs/fetch/-/fetch-1.1.0.tgz",
			"integrity": "sha512-lljVXpqXebpsijW71PZaCYeIcE5on1w5DlQy5WH6GLbFryLUrBD4932W/E2BSpfRJWseIL4v/KPgBFxDOIdKpQ==",
			"dependencies": {
				"@protobufjs/aspromise": "^1.1.1",
				"@protobufjs/inquire": "^1.1.0"
			}
		},
		"node_modules/@protobufjs/float": {
			"version": "1.0.2",
			"resolved": "https://registry.npmjs.org/@protobufjs/float/-/float-1.0.2.tgz",
			"integrity": "sha512-Ddb+kVXlXst9d+R9PfTIxh1EdNkgoRe5tOX6t01f1lYWOvJnSPDBlG241QLzcyPdoNTsblLUdujGSE4RzrTZGQ=="
		},
		"node_modules/@protobufjs/inquire": {
			"version": "1.1.0",
			"resolved": "https://registry.npmjs.org/@protobufjs/inquire/-/inquire-1.1.0.tgz",
			"integrity": "sha512-kdSefcPdruJiFMVSbn801t4vFK7KB/5gd2fYvrxhuJYg8ILrmn9SKSX2tZdV6V+ksulWqS7aXjBcRXl3wHoD9Q=="
		},
		"node_modules/@protobufjs/path": {
			"version": "1.1.2",
			"resolved": "https://registry.npmjs.org/@protobufjs/path/-/path-1.1.2.tgz",
			"integrity": "sha512-6JOcJ5Tm08dOHAbdR3GrvP+yUUfkjG5ePsHYczMFLq3ZmMkAD98cDgcT2iA1lJ9NVwFd4tH/iSSoe44YWkltEA=="
		},
		"node_modules/@protobufjs/pool": {
			"version": "1.1.0",
			"resolved": "https://registry.npmjs.org/@protobufjs/pool/-/pool-1.1.0.tgz",
			"integrity": "sha512-0kELaGSIDBKvcgS4zkjz1PeddatrjYcmMWOlAuAPwAeccUrPHdUqo/J6LiymHHEiJT5NrF1UVwxY14f+fy4WQw=="
		},
		"node_modules/@protobufjs/utf8": {
			"version": "1.1.0",
			"resolved": "https://registry.npmjs.org/@protobufjs/utf8/-/utf8-1.1.0.tgz",
			"integrity": "sha512-Vvn3zZrhQZkkBE8LSuW3em98c0FwgO4nxzv6OdSxPKJIEKY2bGbHn+mhGIPerzI4twdxaP8/0+06HBpwf345Lw=="
		},
		"node_modules/@types/node": {
			"version": "18.11.18",
			"resolved": "https://registry.npmjs.org/@types/node/-/node-18.11.18.tgz",
			"integrity": "sha512-DHQpWGjyQKSHj3ebjFI/wRKcqQcdR+MoFBygntYOZytCqNfkd2ZC4ARDJ2DQqhjH5p85Nnd3jhUJIXrszFX/JA=="
		},
		"node_modules/asynckit": {
			"version": "0.4.0",
			"resolved": "https://registry.npmjs.org/asynckit/-/asynckit-0.4.0.tgz",
			"integrity": "sha512-Oei9OH4tRh0YqU3GxhX79dM/mwVgvbZJaSNaRk+bshkj0S5cfHcgYakreBjrHwatXKbz+IoIdYLxrKim2MjW0Q==",
			"optional": true
		},
		"node_modules/at-least-node": {
			"version": "1.0.0",
			"resolved": "https://registry.npmjs.org/at-least-node/-/at-least-node-1.0.0.tgz",
			"integrity": "sha512-+q/t7Ekv1EDY2l6Gda6LLiX14rU9TV20Wa3ofeQmwPFZbOMo9DXrLbOjFaaclkXKWidIaopwAObQDqwWtGUjqg==",
			"optional": true,
			"engines": {
				"node": ">= 4.0.0"
			}
		},
		"node_modules/available-typed-arrays": {
			"version": "1.0.5",
			"resolved": "https://registry.npmjs.org/available-typed-arrays/-/available-typed-arrays-1.0.5.tgz",
			"integrity": "sha512-DMD0KiN46eipeziST1LPP/STfDU0sufISXmjSgvVsoU2tqxctQeASejWcfNtxYKqETM1UxQ8sp2OrSBWpHY6sw==",
			"engines": {
				"node": ">= 0.4"
			},
			"funding": {
				"url": "https://github.com/sponsors/ljharb"
			}
		},
		"node_modules/axios": {
			"version": "1.6.2",
			"resolved": "https://registry.npmjs.org/axios/-/axios-1.6.2.tgz",
			"integrity": "sha512-7i24Ri4pmDRfJTR7LDBhsOTtcm+9kjX5WiY1X3wIisx6G9So3pfMkEiU7emUBe46oceVImccTEM3k6C5dbVW8A==",
			"optional": true,
			"dependencies": {
				"follow-redirects": "^1.15.0",
				"form-data": "^4.0.0",
				"proxy-from-env": "^1.1.0"
			}
		},
		"node_modules/axios/node_modules/form-data": {
			"version": "4.0.0",
			"resolved": "https://registry.npmjs.org/form-data/-/form-data-4.0.0.tgz",
			"integrity": "sha512-ETEklSGi5t0QMZuiXoA/Q6vcnxcLQP5vdugSpuAyi6SVGi2clPPp+xgEhuMaHC+zGgn31Kd235W35f7Hykkaww==",
			"optional": true,
			"dependencies": {
				"asynckit": "^0.4.0",
				"combined-stream": "^1.0.8",
				"mime-types": "^2.1.12"
			},
			"engines": {
				"node": ">= 6"
			}
		},
		"node_modules/call-bind": {
			"version": "1.0.2",
			"resolved": "https://registry.npmjs.org/call-bind/-/call-bind-1.0.2.tgz",
			"integrity": "sha512-7O+FbCihrB5WGbFYesctwmTKae6rOiIzmz1icreWJ+0aA7LJfuqhEso2T9ncpcFtzMQtzXf2QGGueWJGTYsqrA==",
			"dependencies": {
				"function-bind": "^1.1.1",
				"get-intrinsic": "^1.0.2"
			},
			"funding": {
				"url": "https://github.com/sponsors/ljharb"
			}
		},
		"node_modules/combined-stream": {
			"version": "1.0.8",
			"resolved": "https://registry.npmjs.org/combined-stream/-/combined-stream-1.0.8.tgz",
			"integrity": "sha512-FQN4MRfuJeHf7cBbBMJFXhKSDq+2kAArBlmRBvcvFE5BB1HZKXtSFASDhdlz9zOYwxh8lDdnvmMOe/+5cdoEdg==",
			"optional": true,
			"dependencies": {
				"delayed-stream": "~1.0.0"
			},
			"engines": {
				"node": ">= 0.8"
			}
		},
		"node_modules/data-uri-to-buffer": {
			"version": "4.0.1",
			"resolved": "https://registry.npmjs.org/data-uri-to-buffer/-/data-uri-to-buffer-4.0.1.tgz",
			"integrity": "sha512-0R9ikRb668HB7QDxT1vkpuUBtqc53YyAwMwGeUFKRojY/NWKvdZ+9UYtRfGmhqNbRkTSVpMbmyhXipFFv2cb/A==",
			"engines": {
				"node": ">= 12"
			}
		},
		"node_modules/delayed-stream": {
			"version": "1.0.0",
			"resolved": "https://registry.npmjs.org/delayed-stream/-/delayed-stream-1.0.0.tgz",
			"integrity": "sha512-ZySD7Nf91aLB0RxL4KGrKHBXl7Eds1DAmEdcoVawXnLD7SDhpNgtuII2aAkg7a7QS41jxPSZ17p4VdGnMHk3MQ==",
			"optional": true,
			"engines": {
				"node": ">=0.4.0"
			}
		},
		"node_modules/dotenv": {
			"version": "16.4.5",
			"resolved": "https://registry.npmjs.org/dotenv/-/dotenv-16.4.5.tgz",
			"integrity": "sha512-ZmdL2rui+eB2YwhsWzjInR8LldtZHGDoQ1ugH85ppHKwpUHL7j7rN0Ti9NCnGiQbhaZ11FpR+7ao1dNsmduNUg==",
			"dev": true,
			"engines": {
				"node": ">=12"
			},
			"funding": {
				"url": "https://dotenvx.com"
			}
		},
		"node_modules/fetch-blob": {
			"version": "3.2.0",
			"resolved": "https://registry.npmjs.org/fetch-blob/-/fetch-blob-3.2.0.tgz",
			"integrity": "sha512-7yAQpD2UMJzLi1Dqv7qFYnPbaPx7ZfFK6PiIxQ4PfkGPyNyl2Ugx+a/umUonmKqjhM4DnfbMvdX6otXq83soQQ==",
			"funding": [
				{
					"type": "github",
					"url": "https://github.com/sponsors/jimmywarting"
				},
				{
					"type": "paypal",
					"url": "https://paypal.me/jimmywarting"
				}
			],
			"dependencies": {
				"node-domexception": "^1.0.0",
				"web-streams-polyfill": "^3.0.3"
			},
			"engines": {
				"node": "^12.20 || >= 14.13"
			}
		},
		"node_modules/follow-redirects": {
			"version": "1.15.5",
			"resolved": "https://registry.npmjs.org/follow-redirects/-/follow-redirects-1.15.5.tgz",
			"integrity": "sha512-vSFWUON1B+yAw1VN4xMfxgn5fTUiaOzAJCKBwIIgT/+7CuGy9+r+5gITvP62j3RmaD5Ph65UaERdOSRGUzZtgw==",
			"funding": [
				{
					"type": "individual",
					"url": "https://github.com/sponsors/RubenVerborgh"
				}
			],
			"optional": true,
			"engines": {
				"node": ">=4.0"
			},
			"peerDependenciesMeta": {
				"debug": {
					"optional": true
				}
			}
		},
		"node_modules/for-each": {
			"version": "0.3.3",
			"resolved": "https://registry.npmjs.org/for-each/-/for-each-0.3.3.tgz",
			"integrity": "sha512-jqYfLp7mo9vIyQf8ykW2v7A+2N4QjeCeI5+Dz9XraiO1ign81wjiH7Fb9vSOWvQfNtmSa4H2RoQTrrXivdUZmw==",
			"dependencies": {
				"is-callable": "^1.1.3"
			}
		},
		"node_modules/formdata-polyfill": {
			"version": "4.0.10",
			"resolved": "https://registry.npmjs.org/formdata-polyfill/-/formdata-polyfill-4.0.10.tgz",
			"integrity": "sha512-buewHzMvYL29jdeQTVILecSaZKnt/RJWjoZCF5OW60Z67/GmSLBkOFM7qh1PI3zFNtJbaZL5eQu1vLfazOwj4g==",
			"dependencies": {
				"fetch-blob": "^3.1.2"
			},
			"engines": {
				"node": ">=12.20.0"
			}
		},
		"node_modules/fs-extra": {
			"version": "9.1.0",
			"resolved": "https://registry.npmjs.org/fs-extra/-/fs-extra-9.1.0.tgz",
			"integrity": "sha512-hcg3ZmepS30/7BSFqRvoo3DOMQu7IjqxO5nCDt+zM9XWjb33Wg7ziNT+Qvqbuc3+gWpzO02JubVyk2G4Zvo1OQ==",
			"optional": true,
			"dependencies": {
				"at-least-node": "^1.0.0",
				"graceful-fs": "^4.2.0",
				"jsonfile": "^6.0.1",
				"universalify": "^2.0.0"
			},
			"engines": {
				"node": ">=10"
			}
		},
		"node_modules/function-bind": {
			"version": "1.1.1",
			"resolved": "https://registry.npmjs.org/function-bind/-/function-bind-1.1.1.tgz",
			"integrity": "sha512-yIovAzMX49sF8Yl58fSCWJ5svSLuaibPxXQJFLmBObTuCr0Mf1KiPopGM9NiFjiYBCbfaa2Fh6breQ6ANVTI0A=="
		},
		"node_modules/get-intrinsic": {
			"version": "1.1.3",
			"resolved": "https://registry.npmjs.org/get-intrinsic/-/get-intrinsic-1.1.3.tgz",
			"integrity": "sha512-QJVz1Tj7MS099PevUG5jvnt9tSkXN8K14dxQlikJuPt4uD9hHAHjLyLBiLR5zELelBdD9QNRAXZzsJx0WaDL9A==",
			"dependencies": {
				"function-bind": "^1.1.1",
				"has": "^1.0.3",
				"has-symbols": "^1.0.3"
			},
			"funding": {
				"url": "https://github.com/sponsors/ljharb"
			}
		},
		"node_modules/gopd": {
			"version": "1.0.1",
			"resolved": "https://registry.npmjs.org/gopd/-/gopd-1.0.1.tgz",
			"integrity": "sha512-d65bNlIadxvpb/A2abVdlqKqV563juRnZ1Wtk6s1sIR8uNsXR70xqIzVqxVf1eTqDunwT2MkczEeaezCKTZhwA==",
			"dependencies": {
				"get-intrinsic": "^1.1.3"
			},
			"funding": {
				"url": "https://github.com/sponsors/ljharb"
			}
		},
		"node_modules/graceful-fs": {
			"version": "4.2.11",
			"resolved": "https://registry.npmjs.org/graceful-fs/-/graceful-fs-4.2.11.tgz",
			"integrity": "sha512-RbJ5/jmFcNNCcDV5o9eTnBLJ/HszWV0P73bc+Ff4nS/rJj+YaS6IGyiOL0VoBYX+l1Wrl3k63h/KrH+nhJ0XvQ==",
			"optional": true
		},
		"node_modules/has": {
			"version": "1.0.3",
			"resolved": "https://registry.npmjs.org/has/-/has-1.0.3.tgz",
			"integrity": "sha512-f2dvO0VU6Oej7RkWJGrehjbzMAjFp5/VKPp5tTpWIV4JHHZK1/BxbFRtf/siA2SWTe09caDmVtYYzWEIbBS4zw==",
			"dependencies": {
				"function-bind": "^1.1.1"
			},
			"engines": {
				"node": ">= 0.4.0"
			}
		},
		"node_modules/has-symbols": {
			"version": "1.0.3",
			"resolved": "https://registry.npmjs.org/has-symbols/-/has-symbols-1.0.3.tgz",
			"integrity": "sha512-l3LCuF6MgDNwTDKkdYGEihYjt5pRPbEg46rtlmnSPlUbgmB8LOIrKJbYYFBSbnPaJexMKtiPO8hmeRjRz2Td+A==",
			"engines": {
				"node": ">= 0.4"
			},
			"funding": {
				"url": "https://github.com/sponsors/ljharb"
			}
		},
		"node_modules/has-tostringtag": {
			"version": "1.0.0",
			"resolved": "https://registry.npmjs.org/has-tostringtag/-/has-tostringtag-1.0.0.tgz",
			"integrity": "sha512-kFjcSNhnlGV1kyoGk7OXKSawH5JOb/LzUc5w9B02hOTO0dfFRjbHQKvg1d6cf3HbeUmtU9VbbV3qzZ2Teh97WQ==",
			"dependencies": {
				"has-symbols": "^1.0.2"
			},
			"engines": {
				"node": ">= 0.4"
			},
			"funding": {
				"url": "https://github.com/sponsors/ljharb"
			}
		},
		"node_modules/inherits": {
			"version": "2.0.4",
			"resolved": "https://registry.npmjs.org/inherits/-/inherits-2.0.4.tgz",
			"integrity": "sha512-k/vGaX4/Yla3WzyMCvTQOXYeIHvqOKtnqBduzTHpzpQZzAskKMhZ2K+EnBiSM9zGSoIFeMpXKxa4dYeZIQqewQ=="
		},
		"node_modules/is-arguments": {
			"version": "1.1.1",
			"resolved": "https://registry.npmjs.org/is-arguments/-/is-arguments-1.1.1.tgz",
			"integrity": "sha512-8Q7EARjzEnKpt/PCD7e1cgUS0a6X8u5tdSiMqXhojOdoV9TsMsiO+9VLC5vAmO8N7/GmXn7yjR8qnA6bVAEzfA==",
			"dependencies": {
				"call-bind": "^1.0.2",
				"has-tostringtag": "^1.0.0"
			},
			"engines": {
				"node": ">= 0.4"
			},
			"funding": {
				"url": "https://github.com/sponsors/ljharb"
			}
		},
		"node_modules/is-callable": {
			"version": "1.2.7",
			"resolved": "https://registry.npmjs.org/is-callable/-/is-callable-1.2.7.tgz",
			"integrity": "sha512-1BC0BVFhS/p0qtw6enp8e+8OD0UrK0oFLztSjNzhcKA3WDuJxxAPXzPuPtKkjEY9UUoEWlX/8fgKeu2S8i9JTA==",
			"engines": {
				"node": ">= 0.4"
			},
			"funding": {
				"url": "https://github.com/sponsors/ljharb"
			}
		},
		"node_modules/is-generator-function": {
			"version": "1.0.10",
			"resolved": "https://registry.npmjs.org/is-generator-function/-/is-generator-function-1.0.10.tgz",
			"integrity": "sha512-jsEjy9l3yiXEQ+PsXdmBwEPcOxaXWLspKdplFUVI9vq1iZgIekeC0L167qeu86czQaxed3q/Uzuw0swL0irL8A==",
			"dependencies": {
				"has-tostringtag": "^1.0.0"
			},
			"engines": {
				"node": ">= 0.4"
			},
			"funding": {
				"url": "https://github.com/sponsors/ljharb"
			}
		},
		"node_modules/is-typed-array": {
			"version": "1.1.10",
			"resolved": "https://registry.npmjs.org/is-typed-array/-/is-typed-array-1.1.10.tgz",
			"integrity": "sha512-PJqgEHiWZvMpaFZ3uTc8kHPM4+4ADTlDniuQL7cU/UDA0Ql7F70yGfHph3cLNe+c9toaigv+DFzTJKhc2CtO6A==",
			"dependencies": {
				"available-typed-arrays": "^1.0.5",
				"call-bind": "^1.0.2",
				"for-each": "^0.3.3",
				"gopd": "^1.0.1",
				"has-tostringtag": "^1.0.0"
			},
			"engines": {
				"node": ">= 0.4"
			},
			"funding": {
				"url": "https://github.com/sponsors/ljharb"
			}
		},
		"node_modules/jsonfile": {
			"version": "6.1.0",
			"resolved": "https://registry.npmjs.org/jsonfile/-/jsonfile-6.1.0.tgz",
			"integrity": "sha512-5dgndWOriYSm5cnYaJNhalLNDKOqFwyDB/rr1E9ZsGciGvKPs8R2xYGCacuf3z6K1YKDz182fd+fY3cn3pMqXQ==",
			"optional": true,
			"dependencies": {
				"universalify": "^2.0.0"
			},
			"optionalDependencies": {
				"graceful-fs": "^4.1.6"
			}
		},
		"node_modules/long": {
			"version": "5.2.1",
			"resolved": "https://registry.npmjs.org/long/-/long-5.2.1.tgz",
			"integrity": "sha512-GKSNGeNAtw8IryjjkhZxuKB3JzlcLTwjtiQCHKvqQet81I93kXslhDQruGI/QsddO83mcDToBVy7GqGS/zYf/A=="
		},
		"node_modules/mime-db": {
			"version": "1.52.0",
			"resolved": "https://registry.npmjs.org/mime-db/-/mime-db-1.52.0.tgz",
			"integrity": "sha512-sPU4uV7dYlvtWJxwwxHD0PuihVNiE7TyAbQ5SWxDCB9mUYvOgroQOwYQQOKPJ8CIbE+1ETVlOoK1UC2nU3gYvg==",
			"optional": true,
			"engines": {
				"node": ">= 0.6"
			}
		},
		"node_modules/mime-types": {
			"version": "2.1.35",
			"resolved": "https://registry.npmjs.org/mime-types/-/mime-types-2.1.35.tgz",
			"integrity": "sha512-ZDY+bPm5zTTF+YpCrAU9nK0UgICYPT0QtT1NZWFv4s++TNkcgVaT0g6+4R2uI4MjQjzysHB1zxuWL50hzaeXiw==",
			"optional": true,
			"dependencies": {
				"mime-db": "1.52.0"
			},
			"engines": {
				"node": ">= 0.6"
			}
		},
		"node_modules/node-domexception": {
			"version": "1.0.0",
			"resolved": "https://registry.npmjs.org/node-domexception/-/node-domexception-1.0.0.tgz",
			"integrity": "sha512-/jKZoMpw0F8GRwl4/eLROPA3cfcXtLApP0QzLmUT/HuPCZWyB7IY9ZrMeKw2O/nFIqPQB3PVM9aYm0F312AXDQ==",
			"funding": [
				{
					"type": "github",
					"url": "https://github.com/sponsors/jimmywarting"
				},
				{
					"type": "github",
					"url": "https://paypal.me/jimmywarting"
				}
			],
			"engines": {
				"node": ">=10.5.0"
			}
		},
		"node_modules/node-fetch": {
			"version": "3.3.2",
			"resolved": "https://registry.npmjs.org/node-fetch/-/node-fetch-3.3.2.tgz",
			"integrity": "sha512-dRB78srN/l6gqWulah9SrxeYnxeddIG30+GOqK/9OlLVyLg3HPnr6SqOWTWOXKRwC2eGYCkZ59NNuSgvSrpgOA==",
			"dependencies": {
				"data-uri-to-buffer": "^4.0.0",
				"fetch-blob": "^3.1.4",
				"formdata-polyfill": "^4.0.10"
			},
			"engines": {
				"node": "^12.20.0 || ^14.13.1 || >=16.0.0"
			},
			"funding": {
				"type": "opencollective",
				"url": "https://opencollective.com/node-fetch"
			}
		},
		"node_modules/protobufjs": {
			"version": "7.1.2",
			"resolved": "https://registry.npmjs.org/protobufjs/-/protobufjs-7.1.2.tgz",
			"integrity": "sha512-4ZPTPkXCdel3+L81yw3dG6+Kq3umdWKh7Dc7GW/CpNk4SX3hK58iPCWeCyhVTDrbkNeKrYNZ7EojM5WDaEWTLQ==",
			"hasInstallScript": true,
			"dependencies": {
				"@protobufjs/aspromise": "^1.1.2",
				"@protobufjs/base64": "^1.1.2",
				"@protobufjs/codegen": "^2.0.4",
				"@protobufjs/eventemitter": "^1.1.0",
				"@protobufjs/fetch": "^1.1.0",
				"@protobufjs/float": "^1.0.2",
				"@protobufjs/inquire": "^1.1.0",
				"@protobufjs/path": "^1.1.2",
				"@protobufjs/pool": "^1.1.0",
				"@protobufjs/utf8": "^1.1.0",
				"@types/node": ">=13.7.0",
				"long": "^5.0.0"
			},
			"engines": {
				"node": ">=12.0.0"
			}
		},
		"node_modules/proxy-from-env": {
			"version": "1.1.0",
			"resolved": "https://registry.npmjs.org/proxy-from-env/-/proxy-from-env-1.1.0.tgz",
			"integrity": "sha512-D+zkORCbA9f1tdWRK0RaCR3GPv50cMxcrz4X8k5LTSUD1Dkw47mKJEZQNunItRTkWwgtaUSo1RVFRIG9ZXiFYg==",
			"optional": true
		},
		"node_modules/tf2-backpack": {
			"version": "1.2.0",
			"resolved": "https://registry.npmjs.org/tf2-backpack/-/tf2-backpack-1.2.0.tgz",
			"integrity": "sha512-AxhzXs0fQYkdKupL+s6Us0YvuxsIhrmcZk8gXAFzk7nOCS9N8O4XK+EXxrghjBj9pHF+JSmtWoGNp+QQVtiqCA==",
			"dependencies": {
				"protobufjs": "^7.1.2"
			}
		},
		"node_modules/tf2-item-format": {
			"version": "5.9.12",
			"resolved": "https://registry.npmjs.org/tf2-item-format/-/tf2-item-format-5.9.12.tgz",
			"integrity": "sha512-ghvbLuv+kB0HzfwICG1BnWgFxrI4A3Ff3EjFh3AN4twZQGJh2maOh2e4bWIRMmJ5sFeV1bwmJx/UrWWQqb91Wg==",
			"engines": {
				"node": ">=12.7.0"
			},
			"optionalDependencies": {
				"tf2-static-schema": "^1.63.0"
			}
		},
		"node_modules/tf2-static-schema": {
			"version": "1.64.0",
			"resolved": "https://registry.npmjs.org/tf2-static-schema/-/tf2-static-schema-1.64.0.tgz",
			"integrity": "sha512-RHnhBQC1E3oeqpL2MfkWcPJLgeARqHyVcLuHeTcA5AUH98LG9ezcByOzH0zXdsq5sINBUxVqfwV6Eyt5Qpy5yg==",
			"optional": true,
			"optionalDependencies": {
				"axios": "^1.6.0",
				"fs-extra": "^9.0.1",
				"vdf": "0.0.2"
			}
		},
		"node_modules/typescript": {
			"version": "5.4.5",
			"resolved": "https://registry.npmjs.org/typescript/-/typescript-5.4.5.tgz",
			"integrity": "sha512-vcI4UpRgg81oIRUFwR0WSIHKt11nJ7SAVlYNIu+QpqeyXP+gpQJy/Z4+F0aGxSE4MqwjyXvW/TzgkLAx2AGHwQ==",
			"dev": true,
			"bin": {
				"tsc": "bin/tsc",
				"tsserver": "bin/tsserver"
			},
			"engines": {
				"node": ">=14.17"
			}
		},
		"node_modules/universalify": {
			"version": "2.0.1",
			"resolved": "https://registry.npmjs.org/universalify/-/universalify-2.0.1.tgz",
			"integrity": "sha512-gptHNQghINnc/vTGIk0SOFGFNXw7JVrlRUtConJRlvaw6DuX0wO5Jeko9sWrMBhh+PsYAZ7oXAiOnf/UKogyiw==",
			"optional": true,
			"engines": {
				"node": ">= 10.0.0"
			}
		},
		"node_modules/util": {
			"version": "0.12.5",
			"resolved": "https://registry.npmjs.org/util/-/util-0.12.5.tgz",
			"integrity": "sha512-kZf/K6hEIrWHI6XqOFUiiMa+79wE/D8Q+NCNAWclkyg3b4d2k7s0QGepNjiABc+aR3N1PAyHL7p6UcLY6LmrnA==",
			"dependencies": {
				"inherits": "^2.0.3",
				"is-arguments": "^1.0.4",
				"is-generator-function": "^1.0.7",
				"is-typed-array": "^1.1.3",
				"which-typed-array": "^1.1.2"
			}
		},
		"node_modules/vdf": {
			"version": "0.0.2",
			"resolved": "https://registry.npmjs.org/vdf/-/vdf-0.0.2.tgz",
			"integrity": "sha512-iqFbR0zZeXQGaJzr7g8tFdQAgqIO3aTGoTLQGDugbiX4AZGdkbzSS/q9MXbvOSTfdP4TAEYZ124QWwLoueKvSw==",
			"dependencies": {
				"util": "*"
			}
		},
		"node_modules/web-streams-polyfill": {
			"version": "3.2.1",
			"resolved": "https://registry.npmjs.org/web-streams-polyfill/-/web-streams-polyfill-3.2.1.tgz",
			"integrity": "sha512-e0MO3wdXWKrLbL0DgGnUV7WHVuw9OUvL4hjgnPkIeEvESk74gAITi5G606JtZPp39cd8HA9VQzCIvA49LpPN5Q==",
			"engines": {
				"node": ">= 8"
			}
		},
		"node_modules/which-typed-array": {
			"version": "1.1.9",
			"resolved": "https://registry.npmjs.org/which-typed-array/-/which-typed-array-1.1.9.tgz",
			"integrity": "sha512-w9c4xkx6mPidwp7180ckYWfMmvxpjlZuIudNtDf4N/tTAUB8VJbX25qZoAsrtGuYNnGw3pa0AXgbGKRB8/EceA==",
			"dependencies": {
				"available-typed-arrays": "^1.0.5",
				"call-bind": "^1.0.2",
				"for-each": "^0.3.3",
				"gopd": "^1.0.1",
				"has-tostringtag": "^1.0.0",
				"is-typed-array": "^1.1.10"
			},
			"engines": {
				"node": ">= 0.4"
			},
			"funding": {
				"url": "https://github.com/sponsors/ljharb"
			}
		}
	},
	"dependencies": {
		"@peleicht/tf2-schema": {
			"version": "2.0.11",
			"resolved": "https://registry.npmjs.org/@peleicht/tf2-schema/-/tf2-schema-2.0.11.tgz",
			"integrity": "sha512-OLQkEBzAtNArEutkEZfWHJ93GYEllw9h9LgJISWGd68ljAWtkjiGP/yfDhIKXX1U7XhjsibfIH72Tx+zYyH2KQ==",
			"requires": {
				"node-fetch": "^3.3.2",
				"vdf": "0.0.2"
			}
		},
		"@protobufjs/aspromise": {
			"version": "1.1.2",
			"resolved": "https://registry.npmjs.org/@protobufjs/aspromise/-/aspromise-1.1.2.tgz",
			"integrity": "sha512-j+gKExEuLmKwvz3OgROXtrJ2UG2x8Ch2YZUxahh+s1F2HZ+wAceUNLkvy6zKCPVRkU++ZWQrdxsUeQXmcg4uoQ=="
		},
		"@protobufjs/base64": {
			"version": "1.1.2",
			"resolved": "https://registry.npmjs.org/@protobufjs/base64/-/base64-1.1.2.tgz",
			"integrity": "sha512-AZkcAA5vnN/v4PDqKyMR5lx7hZttPDgClv83E//FMNhR2TMcLUhfRUBHCmSl0oi9zMgDDqRUJkSxO3wm85+XLg=="
		},
		"@protobufjs/codegen": {
			"version": "2.0.4",
			"resolved": "https://registry.npmjs.org/@protobufjs/codegen/-/codegen-2.0.4.tgz",
			"integrity": "sha512-YyFaikqM5sH0ziFZCN3xDC7zeGaB/d0IUb9CATugHWbd1FRFwWwt4ld4OYMPWu5a3Xe01mGAULCdqhMlPl29Jg=="
		},
		"@protobufjs/eventemitter": {
			"version": "1.1.0",
			"resolved": "https://registry.npmjs.org/@protobufjs/eventemitter/-/eventemitter-1.1.0.tgz",
			"integrity": "sha512-j9ednRT81vYJ9OfVuXG6ERSTdEL1xVsNgqpkxMsbIabzSo3goCjDIveeGv5d03om39ML71RdmrGNjG5SReBP/Q=="
		},
		"@protobufjs/fetch": {
			"version": "1.1.0",
			"resolved": "https://registry.npmjs.org/@protobufjs/fetch/-/fetch-1.1.0.tgz",
			"integrity": "sha512-lljVXpqXebpsijW71PZaCYeIcE5on1w5DlQy5WH6GLbFryLUrBD4932W/E2BSpfRJWseIL4v/KPgBFxDOIdKpQ==",
			"requires": {
				"@protobufjs/aspromise": "^1.1.1",
				"@protobufjs/inquire": "^1.1.0"
			}
		},
		"@protobufjs/float": {
			"version": "1.0.2",
			"resolved": "https://registry.npmjs.org/@protobufjs/float/-/float-1.0.2.tgz",
			"integrity": "sha512-Ddb+kVXlXst9d+R9PfTIxh1EdNkgoRe5tOX6t01f1lYWOvJnSPDBlG241QLzcyPdoNTsblLUdujGSE4RzrTZGQ=="
		},
		"@protobufjs/inquire": {
			"version": "1.1.0",
			"resolved": "https://registry.npmjs.org/@protobufjs/inquire/-/inquire-1.1.0.tgz",
			"integrity": "sha512-kdSefcPdruJiFMVSbn801t4vFK7KB/5gd2fYvrxhuJYg8ILrmn9SKSX2tZdV6V+ksulWqS7aXjBcRXl3wHoD9Q=="
		},
		"@protobufjs/path": {
			"version": "1.1.2",
			"resolved": "https://registry.npmjs.org/@protobufjs/path/-/path-1.1.2.tgz",
			"integrity": "sha512-6JOcJ5Tm08dOHAbdR3GrvP+yUUfkjG5ePsHYczMFLq3ZmMkAD98cDgcT2iA1lJ9NVwFd4tH/iSSoe44YWkltEA=="
		},
		"@protobufjs/pool": {
			"version": "1.1.0",
			"resolved": "https://registry.npmjs.org/@protobufjs/pool/-/pool-1.1.0.tgz",
			"integrity": "sha512-0kELaGSIDBKvcgS4zkjz1PeddatrjYcmMWOlAuAPwAeccUrPHdUqo/J6LiymHHEiJT5NrF1UVwxY14f+fy4WQw=="
		},
		"@protobufjs/utf8": {
			"version": "1.1.0",
			"resolved": "https://registry.npmjs.org/@protobufjs/utf8/-/utf8-1.1.0.tgz",
			"integrity": "sha512-Vvn3zZrhQZkkBE8LSuW3em98c0FwgO4nxzv6OdSxPKJIEKY2bGbHn+mhGIPerzI4twdxaP8/0+06HBpwf345Lw=="
		},
		"@types/node": {
			"version": "18.11.18",
			"resolved": "https://registry.npmjs.org/@types/node/-/node-18.11.18.tgz",
			"integrity": "sha512-DHQpWGjyQKSHj3ebjFI/wRKcqQcdR+MoFBygntYOZytCqNfkd2ZC4ARDJ2DQqhjH5p85Nnd3jhUJIXrszFX/JA=="
		},
		"asynckit": {
			"version": "0.4.0",
			"resolved": "https://registry.npmjs.org/asynckit/-/asynckit-0.4.0.tgz",
			"integrity": "sha512-Oei9OH4tRh0YqU3GxhX79dM/mwVgvbZJaSNaRk+bshkj0S5cfHcgYakreBjrHwatXKbz+IoIdYLxrKim2MjW0Q==",
			"optional": true
		},
		"at-least-node": {
			"version": "1.0.0",
			"resolved": "https://registry.npmjs.org/at-least-node/-/at-least-node-1.0.0.tgz",
			"integrity": "sha512-+q/t7Ekv1EDY2l6Gda6LLiX14rU9TV20Wa3ofeQmwPFZbOMo9DXrLbOjFaaclkXKWidIaopwAObQDqwWtGUjqg==",
			"optional": true
		},
		"available-typed-arrays": {
			"version": "1.0.5",
			"resolved": "https://registry.npmjs.org/available-typed-arrays/-/available-typed-arrays-1.0.5.tgz",
			"integrity": "sha512-DMD0KiN46eipeziST1LPP/STfDU0sufISXmjSgvVsoU2tqxctQeASejWcfNtxYKqETM1UxQ8sp2OrSBWpHY6sw=="
		},
		"axios": {
			"version": "1.6.2",
			"resolved": "https://registry.npmjs.org/axios/-/axios-1.6.2.tgz",
			"integrity": "sha512-7i24Ri4pmDRfJTR7LDBhsOTtcm+9kjX5WiY1X3wIisx6G9So3pfMkEiU7emUBe46oceVImccTEM3k6C5dbVW8A==",
			"optional": true,
			"requires": {
				"follow-redirects": "^1.15.0",
				"form-data": "^4.0.0",
				"proxy-from-env": "^1.1.0"
			},
			"dependencies": {
				"form-data": {
					"version": "4.0.0",
					"resolved": "https://registry.npmjs.org/form-data/-/form-data-4.0.0.tgz",
					"integrity": "sha512-ETEklSGi5t0QMZuiXoA/Q6vcnxcLQP5vdugSpuAyi6SVGi2clPPp+xgEhuMaHC+zGgn31Kd235W35f7Hykkaww==",
					"optional": true,
					"requires": {
						"asynckit": "^0.4.0",
						"combined-stream": "^1.0.8",
						"mime-types": "^2.1.12"
					}
				}
			}
		},
		"call-bind": {
			"version": "1.0.2",
			"resolved": "https://registry.npmjs.org/call-bind/-/call-bind-1.0.2.tgz",
			"integrity": "sha512-7O+FbCihrB5WGbFYesctwmTKae6rOiIzmz1icreWJ+0aA7LJfuqhEso2T9ncpcFtzMQtzXf2QGGueWJGTYsqrA==",
			"requires": {
				"function-bind": "^1.1.1",
				"get-intrinsic": "^1.0.2"
			}
		},
		"combined-stream": {
			"version": "1.0.8",
			"resolved": "https://registry.npmjs.org/combined-stream/-/combined-stream-1.0.8.tgz",
			"integrity": "sha512-FQN4MRfuJeHf7cBbBMJFXhKSDq+2kAArBlmRBvcvFE5BB1HZKXtSFASDhdlz9zOYwxh8lDdnvmMOe/+5cdoEdg==",
			"optional": true,
			"requires": {
				"delayed-stream": "~1.0.0"
			}
		},
		"data-uri-to-buffer": {
			"version": "4.0.1",
			"resolved": "https://registry.npmjs.org/data-uri-to-buffer/-/data-uri-to-buffer-4.0.1.tgz",
			"integrity": "sha512-0R9ikRb668HB7QDxT1vkpuUBtqc53YyAwMwGeUFKRojY/NWKvdZ+9UYtRfGmhqNbRkTSVpMbmyhXipFFv2cb/A=="
		},
		"delayed-stream": {
			"version": "1.0.0",
			"resolved": "https://registry.npmjs.org/delayed-stream/-/delayed-stream-1.0.0.tgz",
			"integrity": "sha512-ZySD7Nf91aLB0RxL4KGrKHBXl7Eds1DAmEdcoVawXnLD7SDhpNgtuII2aAkg7a7QS41jxPSZ17p4VdGnMHk3MQ==",
			"optional": true
		},
		"dotenv": {
			"version": "16.4.5",
			"resolved": "https://registry.npmjs.org/dotenv/-/dotenv-16.4.5.tgz",
			"integrity": "sha512-ZmdL2rui+eB2YwhsWzjInR8LldtZHGDoQ1ugH85ppHKwpUHL7j7rN0Ti9NCnGiQbhaZ11FpR+7ao1dNsmduNUg==",
			"dev": true
		},
		"fetch-blob": {
			"version": "3.2.0",
			"resolved": "https://registry.npmjs.org/fetch-blob/-/fetch-blob-3.2.0.tgz",
			"integrity": "sha512-7yAQpD2UMJzLi1Dqv7qFYnPbaPx7ZfFK6PiIxQ4PfkGPyNyl2Ugx+a/umUonmKqjhM4DnfbMvdX6otXq83soQQ==",
			"requires": {
				"node-domexception": "^1.0.0",
				"web-streams-polyfill": "^3.0.3"
			}
		},
		"follow-redirects": {
			"version": "1.15.5",
			"resolved": "https://registry.npmjs.org/follow-redirects/-/follow-redirects-1.15.5.tgz",
			"integrity": "sha512-vSFWUON1B+yAw1VN4xMfxgn5fTUiaOzAJCKBwIIgT/+7CuGy9+r+5gITvP62j3RmaD5Ph65UaERdOSRGUzZtgw==",
			"optional": true
		},
		"for-each": {
			"version": "0.3.3",
			"resolved": "https://registry.npmjs.org/for-each/-/for-each-0.3.3.tgz",
			"integrity": "sha512-jqYfLp7mo9vIyQf8ykW2v7A+2N4QjeCeI5+Dz9XraiO1ign81wjiH7Fb9vSOWvQfNtmSa4H2RoQTrrXivdUZmw==",
			"requires": {
				"is-callable": "^1.1.3"
			}
		},
		"formdata-polyfill": {
			"version": "4.0.10",
			"resolved": "https://registry.npmjs.org/formdata-polyfill/-/formdata-polyfill-4.0.10.tgz",
			"integrity": "sha512-buewHzMvYL29jdeQTVILecSaZKnt/RJWjoZCF5OW60Z67/GmSLBkOFM7qh1PI3zFNtJbaZL5eQu1vLfazOwj4g==",
			"requires": {
				"fetch-blob": "^3.1.2"
			}
		},
		"fs-extra": {
			"version": "9.1.0",
			"resolved": "https://registry.npmjs.org/fs-extra/-/fs-extra-9.1.0.tgz",
			"integrity": "sha512-hcg3ZmepS30/7BSFqRvoo3DOMQu7IjqxO5nCDt+zM9XWjb33Wg7ziNT+Qvqbuc3+gWpzO02JubVyk2G4Zvo1OQ==",
			"optional": true,
			"requires": {
				"at-least-node": "^1.0.0",
				"graceful-fs": "^4.2.0",
				"jsonfile": "^6.0.1",
				"universalify": "^2.0.0"
			}
		},
		"function-bind": {
			"version": "1.1.1",
			"resolved": "https://registry.npmjs.org/function-bind/-/function-bind-1.1.1.tgz",
			"integrity": "sha512-yIovAzMX49sF8Yl58fSCWJ5svSLuaibPxXQJFLmBObTuCr0Mf1KiPopGM9NiFjiYBCbfaa2Fh6breQ6ANVTI0A=="
		},
		"get-intrinsic": {
			"version": "1.1.3",
			"resolved": "https://registry.npmjs.org/get-intrinsic/-/get-intrinsic-1.1.3.tgz",
			"integrity": "sha512-QJVz1Tj7MS099PevUG5jvnt9tSkXN8K14dxQlikJuPt4uD9hHAHjLyLBiLR5zELelBdD9QNRAXZzsJx0WaDL9A==",
			"requires": {
				"function-bind": "^1.1.1",
				"has": "^1.0.3",
				"has-symbols": "^1.0.3"
			}
		},
		"gopd": {
			"version": "1.0.1",
			"resolved": "https://registry.npmjs.org/gopd/-/gopd-1.0.1.tgz",
			"integrity": "sha512-d65bNlIadxvpb/A2abVdlqKqV563juRnZ1Wtk6s1sIR8uNsXR70xqIzVqxVf1eTqDunwT2MkczEeaezCKTZhwA==",
			"requires": {
				"get-intrinsic": "^1.1.3"
			}
		},
		"graceful-fs": {
			"version": "4.2.11",
			"resolved": "https://registry.npmjs.org/graceful-fs/-/graceful-fs-4.2.11.tgz",
			"integrity": "sha512-RbJ5/jmFcNNCcDV5o9eTnBLJ/HszWV0P73bc+Ff4nS/rJj+YaS6IGyiOL0VoBYX+l1Wrl3k63h/KrH+nhJ0XvQ==",
			"optional": true
		},
		"has": {
			"version": "1.0.3",
			"resolved": "https://registry.npmjs.org/has/-/has-1.0.3.tgz",
			"integrity": "sha512-f2dvO0VU6Oej7RkWJGrehjbzMAjFp5/VKPp5tTpWIV4JHHZK1/BxbFRtf/siA2SWTe09caDmVtYYzWEIbBS4zw==",
			"requires": {
				"function-bind": "^1.1.1"
			}
		},
		"has-symbols": {
			"version": "1.0.3",
			"resolved": "https://registry.npmjs.org/has-symbols/-/has-symbols-1.0.3.tgz",
			"integrity": "sha512-l3LCuF6MgDNwTDKkdYGEihYjt5pRPbEg46rtlmnSPlUbgmB8LOIrKJbYYFBSbnPaJexMKtiPO8hmeRjRz2Td+A=="
		},
		"has-tostringtag": {
			"version": "1.0.0",
			"resolved": "https://registry.npmjs.org/has-tostringtag/-/has-tostringtag-1.0.0.tgz",
			"integrity": "sha512-kFjcSNhnlGV1kyoGk7OXKSawH5JOb/LzUc5w9B02hOTO0dfFRjbHQKvg1d6cf3HbeUmtU9VbbV3qzZ2Teh97WQ==",
			"requires": {
				"has-symbols": "^1.0.2"
			}
		},
		"inherits": {
			"version": "2.0.4",
			"resolved": "https://registry.npmjs.org/inherits/-/inherits-2.0.4.tgz",
			"integrity": "sha512-k/vGaX4/Yla3WzyMCvTQOXYeIHvqOKtnqBduzTHpzpQZzAskKMhZ2K+EnBiSM9zGSoIFeMpXKxa4dYeZIQqewQ=="
		},
		"is-arguments": {
			"version": "1.1.1",
			"resolved": "https://registry.npmjs.org/is-arguments/-/is-arguments-1.1.1.tgz",
			"integrity": "sha512-8Q7EARjzEnKpt/PCD7e1cgUS0a6X8u5tdSiMqXhojOdoV9TsMsiO+9VLC5vAmO8N7/GmXn7yjR8qnA6bVAEzfA==",
			"requires": {
				"call-bind": "^1.0.2",
				"has-tostringtag": "^1.0.0"
			}
		},
		"is-callable": {
			"version": "1.2.7",
			"resolved": "https://registry.npmjs.org/is-callable/-/is-callable-1.2.7.tgz",
			"integrity": "sha512-1BC0BVFhS/p0qtw6enp8e+8OD0UrK0oFLztSjNzhcKA3WDuJxxAPXzPuPtKkjEY9UUoEWlX/8fgKeu2S8i9JTA=="
		},
		"is-generator-function": {
			"version": "1.0.10",
			"resolved": "https://registry.npmjs.org/is-generator-function/-/is-generator-function-1.0.10.tgz",
			"integrity": "sha512-jsEjy9l3yiXEQ+PsXdmBwEPcOxaXWLspKdplFUVI9vq1iZgIekeC0L167qeu86czQaxed3q/Uzuw0swL0irL8A==",
			"requires": {
				"has-tostringtag": "^1.0.0"
			}
		},
		"is-typed-array": {
			"version": "1.1.10",
			"resolved": "https://registry.npmjs.org/is-typed-array/-/is-typed-array-1.1.10.tgz",
			"integrity": "sha512-PJqgEHiWZvMpaFZ3uTc8kHPM4+4ADTlDniuQL7cU/UDA0Ql7F70yGfHph3cLNe+c9toaigv+DFzTJKhc2CtO6A==",
			"requires": {
				"available-typed-arrays": "^1.0.5",
				"call-bind": "^1.0.2",
				"for-each": "^0.3.3",
				"gopd": "^1.0.1",
				"has-tostringtag": "^1.0.0"
			}
		},
		"jsonfile": {
			"version": "6.1.0",
			"resolved": "https://registry.npmjs.org/jsonfile/-/jsonfile-6.1.0.tgz",
			"integrity": "sha512-5dgndWOriYSm5cnYaJNhalLNDKOqFwyDB/rr1E9ZsGciGvKPs8R2xYGCacuf3z6K1YKDz182fd+fY3cn3pMqXQ==",
			"optional": true,
			"requires": {
				"graceful-fs": "^4.1.6",
				"universalify": "^2.0.0"
			}
		},
		"long": {
			"version": "5.2.1",
			"resolved": "https://registry.npmjs.org/long/-/long-5.2.1.tgz",
			"integrity": "sha512-GKSNGeNAtw8IryjjkhZxuKB3JzlcLTwjtiQCHKvqQet81I93kXslhDQruGI/QsddO83mcDToBVy7GqGS/zYf/A=="
		},
		"mime-db": {
			"version": "1.52.0",
			"resolved": "https://registry.npmjs.org/mime-db/-/mime-db-1.52.0.tgz",
			"integrity": "sha512-sPU4uV7dYlvtWJxwwxHD0PuihVNiE7TyAbQ5SWxDCB9mUYvOgroQOwYQQOKPJ8CIbE+1ETVlOoK1UC2nU3gYvg==",
			"optional": true
		},
		"mime-types": {
			"version": "2.1.35",
			"resolved": "https://registry.npmjs.org/mime-types/-/mime-types-2.1.35.tgz",
			"integrity": "sha512-ZDY+bPm5zTTF+YpCrAU9nK0UgICYPT0QtT1NZWFv4s++TNkcgVaT0g6+4R2uI4MjQjzysHB1zxuWL50hzaeXiw==",
			"optional": true,
			"requires": {
				"mime-db": "1.52.0"
			}
		},
		"node-domexception": {
			"version": "1.0.0",
			"resolved": "https://registry.npmjs.org/node-domexception/-/node-domexception-1.0.0.tgz",
			"integrity": "sha512-/jKZoMpw0F8GRwl4/eLROPA3cfcXtLApP0QzLmUT/HuPCZWyB7IY9ZrMeKw2O/nFIqPQB3PVM9aYm0F312AXDQ=="
		},
		"node-fetch": {
			"version": "3.3.2",
			"resolved": "https://registry.npmjs.org/node-fetch/-/node-fetch-3.3.2.tgz",
			"integrity": "sha512-dRB78srN/l6gqWulah9SrxeYnxeddIG30+GOqK/9OlLVyLg3HPnr6SqOWTWOXKRwC2eGYCkZ59NNuSgvSrpgOA==",
			"requires": {
				"data-uri-to-buffer": "^4.0.0",
				"fetch-blob": "^3.1.4",
				"formdata-polyfill": "^4.0.10"
			}
		},
		"protobufjs": {
			"version": "7.1.2",
			"resolved": "https://registry.npmjs.org/protobufjs/-/protobufjs-7.1.2.tgz",
			"integrity": "sha512-4ZPTPkXCdel3+L81yw3dG6+Kq3umdWKh7Dc7GW/CpNk4SX3hK58iPCWeCyhVTDrbkNeKrYNZ7EojM5WDaEWTLQ==",
			"requires": {
				"@protobufjs/aspromise": "^1.1.2",
				"@protobufjs/base64": "^1.1.2",
				"@protobufjs/codegen": "^2.0.4",
				"@protobufjs/eventemitter": "^1.1.0",
				"@protobufjs/fetch": "^1.1.0",
				"@protobufjs/float": "^1.0.2",
				"@protobufjs/inquire": "^1.1.0",
				"@protobufjs/path": "^1.1.2",
				"@protobufjs/pool": "^1.1.0",
				"@protobufjs/utf8": "^1.1.0",
				"@types/node": ">=13.7.0",
				"long": "^5.0.0"
			}
		},
		"proxy-from-env": {
			"version": "1.1.0",
			"resolved": "https://registry.npmjs.org/proxy-from-env/-/proxy-from-env-1.1.0.tgz",
			"integrity": "sha512-D+zkORCbA9f1tdWRK0RaCR3GPv50cMxcrz4X8k5LTSUD1Dkw47mKJEZQNunItRTkWwgtaUSo1RVFRIG9ZXiFYg==",
			"optional": true
		},
		"tf2-backpack": {
			"version": "1.2.0",
			"resolved": "https://registry.npmjs.org/tf2-backpack/-/tf2-backpack-1.2.0.tgz",
			"integrity": "sha512-AxhzXs0fQYkdKupL+s6Us0YvuxsIhrmcZk8gXAFzk7nOCS9N8O4XK+EXxrghjBj9pHF+JSmtWoGNp+QQVtiqCA==",
			"requires": {
				"protobufjs": "^7.1.2"
			}
		},
		"tf2-item-format": {
			"version": "5.9.12",
			"resolved": "https://registry.npmjs.org/tf2-item-format/-/tf2-item-format-5.9.12.tgz",
			"integrity": "sha512-ghvbLuv+kB0HzfwICG1BnWgFxrI4A3Ff3EjFh3AN4twZQGJh2maOh2e4bWIRMmJ5sFeV1bwmJx/UrWWQqb91Wg==",
			"requires": {
				"tf2-static-schema": "^1.63.0"
			}
		},
		"tf2-static-schema": {
			"version": "1.64.0",
			"resolved": "https://registry.npmjs.org/tf2-static-schema/-/tf2-static-schema-1.64.0.tgz",
			"integrity": "sha512-RHnhBQC1E3oeqpL2MfkWcPJLgeARqHyVcLuHeTcA5AUH98LG9ezcByOzH0zXdsq5sINBUxVqfwV6Eyt5Qpy5yg==",
			"optional": true,
			"requires": {
				"axios": "^1.6.0",
				"fs-extra": "^9.0.1",
				"vdf": "0.0.2"
			}
		},
		"typescript": {
			"version": "5.4.5",
			"resolved": "https://registry.npmjs.org/typescript/-/typescript-5.4.5.tgz",
			"integrity": "sha512-vcI4UpRgg81oIRUFwR0WSIHKt11nJ7SAVlYNIu+QpqeyXP+gpQJy/Z4+F0aGxSE4MqwjyXvW/TzgkLAx2AGHwQ==",
			"dev": true
		},
		"universalify": {
			"version": "2.0.1",
			"resolved": "https://registry.npmjs.org/universalify/-/universalify-2.0.1.tgz",
			"integrity": "sha512-gptHNQghINnc/vTGIk0SOFGFNXw7JVrlRUtConJRlvaw6DuX0wO5Jeko9sWrMBhh+PsYAZ7oXAiOnf/UKogyiw==",
			"optional": true
		},
		"util": {
			"version": "0.12.5",
			"resolved": "https://registry.npmjs.org/util/-/util-0.12.5.tgz",
			"integrity": "sha512-kZf/K6hEIrWHI6XqOFUiiMa+79wE/D8Q+NCNAWclkyg3b4d2k7s0QGepNjiABc+aR3N1PAyHL7p6UcLY6LmrnA==",
			"requires": {
				"inherits": "^2.0.3",
				"is-arguments": "^1.0.4",
				"is-generator-function": "^1.0.7",
				"is-typed-array": "^1.1.3",
				"which-typed-array": "^1.1.2"
			}
		},
		"vdf": {
			"version": "0.0.2",
			"resolved": "https://registry.npmjs.org/vdf/-/vdf-0.0.2.tgz",
			"integrity": "sha512-iqFbR0zZeXQGaJzr7g8tFdQAgqIO3aTGoTLQGDugbiX4AZGdkbzSS/q9MXbvOSTfdP4TAEYZ124QWwLoueKvSw==",
			"requires": {
				"util": "*"
			}
		},
		"web-streams-polyfill": {
			"version": "3.2.1",
			"resolved": "https://registry.npmjs.org/web-streams-polyfill/-/web-streams-polyfill-3.2.1.tgz",
			"integrity": "sha512-e0MO3wdXWKrLbL0DgGnUV7WHVuw9OUvL4hjgnPkIeEvESk74gAITi5G606JtZPp39cd8HA9VQzCIvA49LpPN5Q=="
		},
		"which-typed-array": {
			"version": "1.1.9",
			"resolved": "https://registry.npmjs.org/which-typed-array/-/which-typed-array-1.1.9.tgz",
			"integrity": "sha512-w9c4xkx6mPidwp7180ckYWfMmvxpjlZuIudNtDf4N/tTAUB8VJbX25qZoAsrtGuYNnGw3pa0AXgbGKRB8/EceA==",
			"requires": {
				"available-typed-arrays": "^1.0.5",
				"call-bind": "^1.0.2",
				"for-each": "^0.3.3",
				"gopd": "^1.0.1",
				"has-tostringtag": "^1.0.0",
				"is-typed-array": "^1.1.10"
			}
		}
	}
}
